[root]
name = "prng"
version = "0.1.0"
dependencies = [
 "num_cpus 1.5.0 (registry+https://github.com/rust-lang/crates.io-index)",
 "rand 0.3.15 (registry+https://github.com/rust-lang/crates.io-index)",
 "rng 0.1.0 (git+https://github.com/nathanfaucett/rs-rng.git)",
]

[[package]]
name = "libc"
version = "0.2.23"
source = "registry+https://github.com/rust-lang/crates.io-index"

[[package]]
name = "num_cpus"
version = "1.5.0"
source = "registry+https://github.com/rust-lang/crates.io-index"
dependencies = [
 "libc 0.2.23 (registry+https://github.com/rust-lang/crates.io-index)",
]

[[package]]
name = "rand"
version = "0.3.15"
source = "registry+https://github.com/rust-lang/crates.io-index"
dependencies = [
 "libc 0.2.23 (registry+https://github.com/rust-lang/crates.io-index)",
]

[[package]]
name = "rng"
version = "0.1.0"
source = "git+https://github.com/nathanfaucett/rs-rng.git#356735ea3ff6ab7aecd5d77e66a91f4c68914c3c"

[metadata]
"checksum libc 0.2.23 (registry+https://github.com/rust-lang/crates.io-index)" = "e7eb6b826bfc1fdea7935d46556250d1799b7fe2d9f7951071f4291710665e3e"
"checksum num_cpus 1.5.0 (registry+https://github.com/rust-lang/crates.io-index)" = "f6e850c7f35c3de263e6094e819f6b4b9c09190ff4438fc6dec1aef1568547bc"
"checksum rand 0.3.15 (registry+https://github.com/rust-lang/crates.io-index)" = "022e0636ec2519ddae48154b028864bdce4eaf7d35226ab8e65c611be97b189d"
"checksum rng 0.1.0 (git+https://github.com/nathanfaucett/rs-rng.git)" = "<none>"
